
Microsoft Visual Studio Solution File, Format Version 12.00
# Visual Studio Version 17
VisualStudioVersion = 17.12.35521.163 d17.12
MinimumVisualStudioVersion = 10.0.40219.1
Project("{FAE04EC0-301F-11D3-BF4B-00C04F79EFBC}") = "WinForm_B3", "WinForm_B3\WinForm_B3.csproj", "{F5C86D7A-DCB5-4750-B96E-003F32E5720F}"
EndProject
Global
	GlobalSection(SolutionConfigurationPlatforms) = preSolution
		Debug|Any CPU = Debug|Any CPU
		Release|Any CPU = Release|Any CPU
	EndGlobalSection
	GlobalSection(ProjectConfigurationPlatforms) = postSolution
		{F5C86D7A-DCB5-4750-B96E-003F32E5720F}.Debug|Any CPU.ActiveCfg = Debug|Any CPU
		{F5C86D7A-DCB5-4750-B96E-003F32E5720F}.Debug|Any CPU.Build.0 = Debug|Any CPU
		{F5C86D7A-DCB5-4750-B96E-003F32E5720F}.Release|Any CPU.ActiveCfg = Release|Any CPU
		{F5C86D7A-DCB5-4750-B96E-003F32E5720F}.Release|Any CPU.Build.0 = Release|Any CPU
	EndGlobalSection
	GlobalSection(SolutionProperties) = preSolution
		HideSolutionNode = FALSE
	EndGlobalSection
EndGlobal
